
Microsoft Visual Studio Solution File, Format Version 12.00
# Visual Studio Version 17
VisualStudioVersion = 17.2.32630.192
MinimumVisualStudioVersion = 10.0.40219.1
Project("{9A19103F-16F7-4668-BE54-9A1E7A4F7556}") = "Strategy", "ConsoleApp2\Strategy.csproj", "{8C2E1AA6-E20F-47BE-BF09-1C3709D281C4}"
EndProject
Project("{9A19103F-16F7-4668-BE54-9A1E7A4F7556}") = "Template Method", "Template Method\Template Method.csproj", "{21687094-4AF8-40F1-9F4B-2E1B26A0AD4F}"
EndProject
Project("{9A19103F-16F7-4668-BE54-9A1E7A4F7556}") = "Sigleton", "Sigleton\Sigleton.csproj", "{1760FAEE-6BC7-4A68-A042-B9F076FB4619}"
EndProject
Project("{FAE04EC0-301F-11D3-BF4B-00C04F79EFBC}") = "Fachada", "Fachada\Fachada.csproj", "{7E6D5845-ECBC-4880-AA18-A0415B280392}"
EndProject
Project("{FAE04EC0-301F-11D3-BF4B-00C04F79EFBC}") = "Builder", "Builder\Builder.csproj", "{B483E652-0FA8-4A2A-A92E-354C07D682F5}"
EndProject
Global
	GlobalSection(SolutionConfigurationPlatforms) = preSolution
		Debug|Any CPU = Debug|Any CPU
		Release|Any CPU = Release|Any CPU
	EndGlobalSection
	GlobalSection(ProjectConfigurationPlatforms) = postSolution
		{8C2E1AA6-E20F-47BE-BF09-1C3709D281C4}.Debug|Any CPU.ActiveCfg = Debug|Any CPU
		{8C2E1AA6-E20F-47BE-BF09-1C3709D281C4}.Debug|Any CPU.Build.0 = Debug|Any CPU
		{8C2E1AA6-E20F-47BE-BF09-1C3709D281C4}.Release|Any CPU.ActiveCfg = Release|Any CPU
		{8C2E1AA6-E20F-47BE-BF09-1C3709D281C4}.Release|Any CPU.Build.0 = Release|Any CPU
		{21687094-4AF8-40F1-9F4B-2E1B26A0AD4F}.Debug|Any CPU.ActiveCfg = Debug|Any CPU
		{21687094-4AF8-40F1-9F4B-2E1B26A0AD4F}.Debug|Any CPU.Build.0 = Debug|Any CPU
		{21687094-4AF8-40F1-9F4B-2E1B26A0AD4F}.Release|Any CPU.ActiveCfg = Release|Any CPU
		{21687094-4AF8-40F1-9F4B-2E1B26A0AD4F}.Release|Any CPU.Build.0 = Release|Any CPU
		{1760FAEE-6BC7-4A68-A042-B9F076FB4619}.Debug|Any CPU.ActiveCfg = Debug|Any CPU
		{1760FAEE-6BC7-4A68-A042-B9F076FB4619}.Debug|Any CPU.Build.0 = Debug|Any CPU
		{1760FAEE-6BC7-4A68-A042-B9F076FB4619}.Release|Any CPU.ActiveCfg = Release|Any CPU
		{1760FAEE-6BC7-4A68-A042-B9F076FB4619}.Release|Any CPU.Build.0 = Release|Any CPU
		{7E6D5845-ECBC-4880-AA18-A0415B280392}.Debug|Any CPU.ActiveCfg = Debug|Any CPU
		{7E6D5845-ECBC-4880-AA18-A0415B280392}.Debug|Any CPU.Build.0 = Debug|Any CPU
		{7E6D5845-ECBC-4880-AA18-A0415B280392}.Release|Any CPU.ActiveCfg = Release|Any CPU
		{7E6D5845-ECBC-4880-AA18-A0415B280392}.Release|Any CPU.Build.0 = Release|Any CPU
		{B483E652-0FA8-4A2A-A92E-354C07D682F5}.Debug|Any CPU.ActiveCfg = Debug|Any CPU
		{B483E652-0FA8-4A2A-A92E-354C07D682F5}.Debug|Any CPU.Build.0 = Debug|Any CPU
		{B483E652-0FA8-4A2A-A92E-354C07D682F5}.Release|Any CPU.ActiveCfg = Release|Any CPU
		{B483E652-0FA8-4A2A-A92E-354C07D682F5}.Release|Any CPU.Build.0 = Release|Any CPU
	EndGlobalSection
	GlobalSection(SolutionProperties) = preSolution
		HideSolutionNode = FALSE
	EndGlobalSection
	GlobalSection(ExtensibilityGlobals) = postSolution
		SolutionGuid = {5C36954B-D04B-4DF3-986D-A418FECA2D82}
	EndGlobalSection
EndGlobal
